
Microsoft Visual Studio Solution File, Format Version 12.00
# Visual Studio 15
VisualStudioVersion = 15.0.28010.2041
MinimumVisualStudioVersion = 10.0.40219.1
Project("{FAE04EC0-301F-11D3-BF4B-00C04F79EFBC}") = "drept", "drept\drept.csproj", "{0116FE3A-C6C3-46F2-B2F1-0940B8CE7676}"
EndProject
Global
	GlobalSection(SolutionConfigurationPlatforms) = preSolution
		Debug|Any CPU = Debug|Any CPU
		Release|Any CPU = Release|Any CPU
	EndGlobalSection
	GlobalSection(ProjectConfigurationPlatforms) = postSolution
		{0116FE3A-C6C3-46F2-B2F1-0940B8CE7676}.Debug|Any CPU.ActiveCfg = Debug|Any CPU
		{0116FE3A-C6C3-46F2-B2F1-0940B8CE7676}.Debug|Any CPU.Build.0 = Debug|Any CPU
		{0116FE3A-C6C3-46F2-B2F1-0940B8CE7676}.Release|Any CPU.ActiveCfg = Release|Any CPU
		{0116FE3A-C6C3-46F2-B2F1-0940B8CE7676}.Release|Any CPU.Build.0 = Release|Any CPU
	EndGlobalSection
	GlobalSection(SolutionProperties) = preSolution
		HideSolutionNode = FALSE
	EndGlobalSection
	GlobalSection(ExtensibilityGlobals) = postSolution
		SolutionGuid = {AB2508B6-EE9F-4B36-ABDA-3FD8F59A9A85}
	EndGlobalSection
EndGlobal
